
Microsoft Visual Studio Solution File, Format Version 10.00
# Visual Studio 2008
Project("{8BC9CEB8-8B4A-11D0-8D11-00A0C91BC942}") = "RMIME", "RMIME.vcproj", "{4B16A74A-93A3-42AF-8763-CF1C11495571}"
EndProject
Global
	GlobalSection(SolutionConfigurationPlatforms) = preSolution
		Debug|Win32 = Debug|Win32
		Release|Win32 = Release|Win32
	EndGlobalSection
	GlobalSection(ProjectConfigurationPlatforms) = postSolution
		{4B16A74A-93A3-42AF-8763-CF1C11495571}.Debug|Win32.ActiveCfg = Debug|Win32
		{4B16A74A-93A3-42AF-8763-CF1C11495571}.Debug|Win32.Build.0 = Debug|Win32
		{4B16A74A-93A3-42AF-8763-CF1C11495571}.Release|Win32.ActiveCfg = Release|Win32
		{4B16A74A-93A3-42AF-8763-CF1C11495571}.Release|Win32.Build.0 = Release|Win32
	EndGlobalSection
	GlobalSection(SolutionProperties) = preSolution
		HideSolutionNode = FALSE
	EndGlobalSection
EndGlobal
